
Microsoft Visual Studio Solution File, Format Version 12.00
# Visual Studio 15
VisualStudioVersion = 15.0.26730.16
MinimumVisualStudioVersion = 10.0.40219.1
Project("{FAE04EC0-301F-11D3-BF4B-00C04F79EFBC}") = "Factorial", "ConsoleFactorial\Factorial.csproj", "{CD6F25D3-CB7A-4B63-A500-8244AD17626A}"
EndProject
Global
	GlobalSection(SolutionConfigurationPlatforms) = preSolution
		Debug|Any CPU = Debug|Any CPU
		Release|Any CPU = Release|Any CPU
	EndGlobalSection
	GlobalSection(ProjectConfigurationPlatforms) = postSolution
		{CD6F25D3-CB7A-4B63-A500-8244AD17626A}.Debug|Any CPU.ActiveCfg = Debug|Any CPU
		{CD6F25D3-CB7A-4B63-A500-8244AD17626A}.Debug|Any CPU.Build.0 = Debug|Any CPU
		{CD6F25D3-CB7A-4B63-A500-8244AD17626A}.Release|Any CPU.ActiveCfg = Release|Any CPU
		{CD6F25D3-CB7A-4B63-A500-8244AD17626A}.Release|Any CPU.Build.0 = Release|Any CPU
	EndGlobalSection
	GlobalSection(SolutionProperties) = preSolution
		HideSolutionNode = FALSE
	EndGlobalSection
	GlobalSection(ExtensibilityGlobals) = postSolution
		SolutionGuid = {A09F98E0-A151-44CC-9659-792264811E31}
	EndGlobalSection
EndGlobal
